// !$*UTF8*$!
{
	archiveVersion = 1;
	classes = {
	};
	objectVersion = 50;
	objects = {

/* Begin PBXBuildFile section */
		D012DE9B24BE220900135170 /* AppDelegate.swift in Sources */ = {isa = PBXBuildFile; fileRef = D012DE9A24BE220900135170 /* AppDelegate.swift */; };
		D012DE9D24BE220900135170 /* SceneDelegate.swift in Sources */ = {isa = PBXBuildFile; fileRef = D012DE9C24BE220900135170 /* SceneDelegate.swift */; };
		D012DE9F24BE220900135170 /* ViewController.swift in Sources */ = {isa = PBXBuildFile; fileRef = D012DE9E24BE220900135170 /* ViewController.swift */; };
		D012DEA224BE220900135170 /* Main.storyboard in Resources */ = {isa = PBXBuildFile; fileRef = D012DEA024BE220900135170 /* Main.storyboard */; };
		D012DEA424BE220A00135170 /* Assets.xcassets in Resources */ = {isa = PBXBuildFile; fileRef = D012DEA324BE220A00135170 /* Assets.xcassets */; };
		D012DEA724BE220A00135170 /* LaunchScreen.storyboard in Resources */ = {isa = PBXBuildFile; fileRef = D012DEA524BE220A00135170 /* LaunchScreen.storyboard */; };
/* End PBXBuildFile section */

/* Begin PBXFileReference section */
		D012DE9724BE220900135170 /* Bruin Dining.app */ = {isa = PBXFileReference; explicitFileType = wrapper.application; includeInIndex = 0; path = "Bruin Dining.app"; sourceTree = BUILT_PRODUCTS_DIR; };
		D012DE9A24BE220900135170 /* AppDelegate.swift */ = {isa = PBXFileReference; lastKnownFileType = sourcecode.swift; path = AppDelegate.swift; sourceTree = "<group>"; };
		D012DE9C24BE220900135170 /* SceneDelegate.swift */ = {isa = PBXFileReference; lastKnownFileType = sourcecode.swift; path = SceneDelegate.swift; sourceTree = "<group>"; };
		D012DE9E24BE220900135170 /* ViewController.swift */ = {isa = PBXFileReference; lastKnownFileType = sourcecode.swift; path = ViewController.swift; sourceTree = "<group>"; };
		D012DEA124BE220900135170 /* Base */ = {isa = PBXFileReference; lastKnownFileType = file.storyboard; name = Base; path = Base.lproj/Main.storyboard; sourceTree = "<group>"; };
		D012DEA324BE220A00135170 /* Assets.xcassets */ = {isa = PBXFileReference; lastKnownFileType = folder.assetcatalog; path = Assets.xcassets; sourceTree = "<group>"; };
		D012DEA624BE220A00135170 /* Base */ = {isa = PBXFileReference; lastKnownFileType = file.storyboard; name = Base; path = Base.lproj/LaunchScreen.storyboard; sourceTree = "<group>"; };
		D012DEA824BE220A00135170 /* Info.plist */ = {isa = PBXFileReference; lastKnownFileType = text.plist.xml; path = Info.plist; sourceTree = "<group>"; };
/* End PBXFileReference section */

/* Begin PBXFrameworksBuildPhase section */
		D012DE9424BE220900135170 /* Frameworks */ = {
			isa = PBXFrameworksBuildPhase;
			buildActionMask = 2147483647;
			files = (
			);
			runOnlyForDeploymentPostprocessing = 0;
		};
/* End PBXFrameworksBuildPhase section */

/* Begin PBXGroup section */
		D012DE8E24BE220900135170 = {
			isa = PBXGroup;
			children = (
				D012DE9924BE220900135170 /* Bruin Dining */,
				D012DE9824BE220900135170 /* Products */,
			);
			sourceTree = "<group>";
		};
		D012DE9824BE220900135170 /* Products */ = {
			isa = PBXGroup;
			children = (
				D012DE9724BE220900135170 /* Bruin Dining.app */,
			);
			name = Products;
			sourceTree = "<group>";
		};
		D012DE9924BE220900135170 /* Bruin Dining */ = {
			isa = PBXGroup;
			children = (
				D012DE9A24BE220900135170 /* AppDelegate.swift */,
				D012DE9C24BE220900135170 /* SceneDelegate.swift */,
				D012DE9E24BE220900135170 /* ViewController.swift */,
				D012DEA024BE220900135170 /* Main.storyboard */,
				D012DEA324BE220A00135170 /* Assets.xcassets */,
				D012DEA524BE220A00135170 /* LaunchScreen.storyboard */,
				D012DEA824BE220A00135170 /* Info.plist */,
			);
			path = "Bruin Dining";
			sourceTree = "<group>";
		};
/* End PBXGroup section */

/* Begin PBXNativeTarget section */
		D012DE9624BE220900135170 /* Bruin Dining */ = {
			isa = PBXNativeTarget;
			buildConfigurationList = D012DEAB24BE220A00135170 /* Build configuration list for PBXNativeTarget "Bruin Dining" */;
			buildPhases = (
				D012DE9324BE220900135170 /* Sources */,
				D012DE9424BE220900135170 /* Frameworks */,
				D012DE9524BE220900135170 /* Resources */,
			);
			buildRules = (
			);
			dependencies = (
			);
			name = "Bruin Dining";
			productName = "Bruin Dining";
			productReference = D012DE9724BE220900135170 /* Bruin Dining.app */;
			productType = "com.apple.product-type.application";
		};
/* End PBXNativeTarget section */

/* Begin PBXProject section */
		D012DE8F24BE220900135170 /* Project object */ = {
			isa = PBXProject;
			attributes = {
				LastSwiftUpdateCheck = 1150;
				LastUpgradeCheck = 1150;
				ORGANIZATIONNAME = "Pranav Srinivasan";
				TargetAttributes = {
					D012DE9624BE220900135170 = {
						CreatedOnToolsVersion = 11.5;
					};
				};
			};
			buildConfigurationList = D012DE9224BE220900135170 /* Build configuration list for PBXProject "Bruin Dining" */;
			compatibilityVersion = "Xcode 9.3";
			developmentRegion = en;
			hasScannedForEncodings = 0;
			knownRegions = (
				en,
				Base,
			);
			mainGroup = D012DE8E24BE220900135170;
			productRefGroup = D012DE9824BE220900135170 /* Products */;
			projectDirPath = "";
			projectRoot = "";
			targets = (
				D012DE9624BE220900135170 /* Bruin Dining */,
			);
		};
/* End PBXProject section */

/* Begin PBXResourcesBuildPhase section */
		D012DE9524BE220900135170 /* Resources */ = {
			isa = PBXResourcesBuildPhase;
			buildActionMask = 2147483647;
			files = (
				D012DEA724BE220A00135170 /* LaunchScreen.storyboard in Resources */,
				D012DEA424BE220A00135170 /* Assets.xcassets in Resources */,
				D012DEA224BE220900135170 /* Main.storyboard in Resources */,
			);
			runOnlyForDeploymentPostprocessing = 0;
		};
/* End PBXResourcesBuildPhase section */

/* Begin PBXSourcesBuildPhase section */
		D012DE9324BE220900135170 /* Sources */ = {
			isa = PBXSourcesBuildPhase;
			buildActionMask = 2147483647;
			files = (
				D012DE9F24BE220900135170 /* ViewController.swift in Sources */,
				D012DE9B24BE220900135170 /* AppDelegate.swift in Sources */,
				D012DE9D24BE220900135170 /* SceneDelegate.swift in Sources */,
			);
			runOnlyForDeploymentPostprocessing = 0;
		};
/* End PBXSourcesBuildPhase section */

/* Begin PBXVariantGroup section */
		D012DEA024BE220900135170 /* Main.storyboard */ = {
			isa = PBXVariantGroup;
			children = (
				D012DEA124BE220900135170 /* Base */,
			);
			name = Main.storyboard;
			sourceTree = "<group>";
		};
		D012DEA524BE220A00135170 /* LaunchScreen.storyboard */ = {
			isa = PBXVariantGroup;
			children = (
				D012DEA624BE220A00135170 /* Base */,
			);
			name = LaunchScreen.storyboard;
			sourceTree = "<group>";
		};
/* End PBXVariantGroup section */

/* Begin XCBuildConfiguration section */
		D012DEA924BE220A00135170 /* Debug */ = {
			isa = XCBuildConfiguration;
			buildSettings = {
				ALWAYS_SEARCH_USER_PATHS = NO;
				CLANG_ANALYZER_NONNULL = YES;
				CLANG_ANALYZER_NUMBER_OBJECT_CONVERSION = YES_AGGRESSIVE;
				CLANG_CXX_LANGUAGE_STANDARD = "gnu++14";
				CLANG_CXX_LIBRARY = "libc++";
				CLANG_ENABLE_MODULES = YES;
				CLANG_ENABLE_OBJC_ARC = YES;
				CLANG_ENABLE_OBJC_WEAK = YES;
				CLANG_WARN_BLOCK_CAPTURE_AUTORELEASING = YES;
				CLANG_WARN_BOOL_CONVERSION = YES;
				CLANG_WARN_COMMA = YES;
				CLANG_WARN_CONSTANT_CONVERSION = YES;
				CLANG_WARN_DEPRECATED_OBJC_IMPLEMENTATIONS = YES;
				CLANG_WARN_DIRECT_OBJC_ISA_USAGE = YES_ERROR;
				CLANG_WARN_DOCUMENTATION_COMMENTS = YES;
				CLANG_WARN_EMPTY_BODY = YES;
				CLANG_WARN_ENUM_CONVERSION = YES;
				CLANG_WARN_INFINITE_RECURSION = YES;
				CLANG_WARN_INT_CONVERSION = YES;
				CLANG_WARN_NON_LITERAL_NULL_CONVERSION = YES;
				CLANG_WARN_OBJC_IMPLICIT_RETAIN_SELF = YES;
				CLANG_WARN_OBJC_LITERAL_CONVERSION = YES;
				CLANG_WARN_OBJC_ROOT_CLASS = YES_ERROR;
				CLANG_WARN_RANGE_LOOP_ANALYSIS = YES;
				CLANG_WARN_STRICT_PROTOTYPES = YES;
				CLANG_WARN_SUSPICIOUS_MOVE = YES;
				CLANG_WARN_UNGUARDED_AVAILABILITY = YES_AGGRESSIVE;
				CLANG_WARN_UNREACHABLE_CODE = YES;
				CLANG_WARN__DUPLICATE_METHOD_MATCH = YES;
				COPY_PHASE_STRIP = NO;
				DEBUG_INFORMATION_FORMAT = dwarf;
				ENABLE_STRICT_OBJC_MSGSEND = YES;
				ENABLE_TESTABILITY = YES;
				GCC_C_LANGUAGE_STANDARD = gnu11;
				GCC_DYNAMIC_NO_PIC = NO;
				GCC_NO_COMMON_BLOCKS = YES;
				GCC_OPTIMIZATION_LEVEL = 0;
				GCC_PREPROCESSOR_DEFINITIONS = (
					"DEBUG=1",
					"$(inherited)",
				);
				GCC_WARN_64_TO_32_BIT_CONVERSION = YES;
				GCC_WARN_ABOUT_RETURN_TYPE = YES_ERROR;
				GCC_WARN_UNDECLARED_SELECTOR = YES;
				GCC_WARN_UNINITIALIZED_AUTOS = YES_AGGRESSIVE;
				GCC_WARN_UNUSED_FUNCTION = YES;
				GCC_WARN_UNUSED_VARIABLE = YES;
				IPHONEOS_DEPLOYMENT_TARGET = 13.5;
				MTL_ENABLE_DEBUG_INFO = INCLUDE_SOURCE;
				MTL_FAST_MATH = YES;
				ONLY_ACTIVE_ARCH = YES;
				SDKROOT = iphoneos;
				SWIFT_ACTIVE_COMPILATION_CONDITIONS = DEBUG;
				SWIFT_OPTIMIZATION_LEVEL = "-Onone";
			};
			name = Debug;
		};
		D012DEAA24BE220A00135170 /* Release */ = {
			isa = XCBuildConfiguration;
			buildSettings = {
				ALWAYS_SEARCH_USER_PATHS = NO;
				CLANG_ANALYZER_NONNULL = YES;
				CLANG_ANALYZER_NUMBER_OBJECT_CONVERSION = YES_AGGRESSIVE;
				CLANG_CXX_LANGUAGE_STANDARD = "gnu++14";
				CLANG_CXX_LIBRARY = "libc++";
				CLANG_ENABLE_MODULES = YES;
				CLANG_ENABLE_OBJC_ARC = YES;
				CLANG_ENABLE_OBJC_WEAK = YES;
				CLANG_WARN_BLOCK_CAPTURE_AUTORELEASING = YES;
				CLANG_WARN_BOOL_CONVERSION = YES;
				CLANG_WARN_COMMA = YES;
				CLANG_WARN_CONSTANT_CONVERSION = YES;
				CLANG_WARN_DEPRECATED_OBJC_IMPLEMENTATIONS = YES;
				CLANG_WARN_DIRECT_OBJC_ISA_USAGE = YES_ERROR;
				CLANG_WARN_DOCUMENTATION_COMMENTS = YES;
				CLANG_WARN_EMPTY_BODY = YES;
				CLANG_WARN_ENUM_CONVERSION = YES;
				CLANG_WARN_INFINITE_RECURSION = YES;
				CLANG_WARN_INT_CONVERSION = YES;
				CLANG_WARN_NON_LITERAL_NULL_CONVERSION = YES;
				CLANG_WARN_OBJC_IMPLICIT_RETAIN_SELF = YES;
				CLANG_WARN_OBJC_LITERAL_CONVERSION = YES;
				CLANG_WARN_OBJC_ROOT_CLASS = YES_ERROR;
				CLANG_WARN_RANGE_LOOP_ANALYSIS = YES;
				CLANG_WARN_STRICT_PROTOTYPES = YES;
				CLANG_WARN_SUSPICIOUS_MOVE = YES;
				CLANG_WARN_UNGUARDED_AVAILABILITY = YES_AGGRESSIVE;
				CLANG_WARN_UNREACHABLE_CODE = YES;
				CLANG_WARN__DUPLICATE_METHOD_MATCH = YES;
				COPY_PHASE_STRIP = NO;
				DEBUG_INFORMATION_FORMAT = "dwarf-with-dsym";
				ENABLE_NS_ASSERTIONS = NO;
				ENABLE_STRICT_OBJC_MSGSEND = YES;
				GCC_C_LANGUAGE_STANDARD = gnu11;
				GCC_NO_COMMON_BLOCKS = YES;
				GCC_WARN_64_TO_32_BIT_CONVERSION = YES;
				GCC_WARN_ABOUT_RETURN_TYPE = YES_ERROR;
				GCC_WARN_UNDECLARED_SELECTOR = YES;
				GCC_WARN_UNINITIALIZED_AUTOS = YES_AGGRESSIVE;
				GCC_WARN_UNUSED_FUNCTION = YES;
				GCC_WARN_UNUSED_VARIABLE = YES;
				IPHONEOS_DEPLOYMENT_TARGET = 13.5;
				MTL_ENABLE_DEBUG_INFO = NO;
				MTL_FAST_MATH = YES;
				SDKROOT = iphoneos;
				SWIFT_COMPILATION_MODE = wholemodule;
				SWIFT_OPTIMIZATION_LEVEL = "-O";
				VALIDATE_PRODUCT = YES;
			};
			name = Release;
		};
		D012DEAC24BE220A00135170 /* Debug */ = {
			isa = XCBuildConfiguration;
			buildSettings = {
				ASSETCATALOG_COMPILER_APPICON_NAME = AppIcon;
				CODE_SIGN_STYLE = Automatic;
				INFOPLIST_FILE = "Bruin Dining/Info.plist";
				LD_RUNPATH_SEARCH_PATHS = (
					"$(inherited)",
					"@executable_path/Frameworks",
				);
				PRODUCT_BUNDLE_IDENTIFIER = "com.pranavsrinivasan.Bruin-Dining";
				PRODUCT_NAME = "$(TARGET_NAME)";
				SWIFT_VERSION = 5.0;
				TARGETED_DEVICE_FAMILY = "1,2";
			};
			name = Debug;
		};
		D012DEAD24BE220A00135170 /* Release */ = {
			isa = XCBuildConfiguration;
			buildSettings = {
				ASSETCATALOG_COMPILER_APPICON_NAME = AppIcon;
				CODE_SIGN_STYLE = Automatic;
				INFOPLIST_FILE = "Bruin Dining/Info.plist";
				LD_RUNPATH_SEARCH_PATHS = (
					"$(inherited)",
					"@executable_path/Frameworks",
				);
				PRODUCT_BUNDLE_IDENTIFIER = "com.pranavsrinivasan.Bruin-Dining";
				PRODUCT_NAME = "$(TARGET_NAME)";
				SWIFT_VERSION = 5.0;
				TARGETED_DEVICE_FAMILY = "1,2";
			};
			name = Release;
		};
/* End XCBuildConfiguration section */

/* Begin XCConfigurationList section */
		D012DE9224BE220900135170 /* Build configuration list for PBXProject "Bruin Dining" */ = {
			isa = XCConfigurationList;
			buildConfigurations = (
				D012DEA924BE220A00135170 /* Debug */,
				D012DEAA24BE220A00135170 /* Release */,
			);
			defaultConfigurationIsVisible = 0;
			defaultConfigurationName = Release;
		};
		D012DEAB24BE220A00135170 /* Build configuration list for PBXNativeTarget "Bruin Dining" */ = {
			isa = XCConfigurationList;
			buildConfigurations = (
				D012DEAC24BE220A00135170 /* Debug */,
				D012DEAD24BE220A00135170 /* Release */,
			);
			defaultConfigurationIsVisible = 0;
			defaultConfigurationName = Release;
		};
/* End XCConfigurationList section */
	};
	rootObject = D012DE8F24BE220900135170 /* Project object */;
}
